
Microsoft Visual Studio Solution File, Format Version 12.00
# Visual Studio Version 17
VisualStudioVersion = 17.9.34728.123
MinimumVisualStudioVersion = 10.0.40219.1
Project("{8BC9CEB8-8B4A-11D0-8D11-00A0C91BC942}") = "Core", "Core\Core.vcxproj", "{6830DF2E-2DA1-4BF7-B475-6C45523DED54}"
	ProjectSection(ProjectDependencies) = postProject
		{2E825CB0-DE55-4F0B-A560-9548A33442A0} = {2E825CB0-DE55-4F0B-A560-9548A33442A0}
		{A90F7323-C5BE-4E28-BBF0-2ED7C7223D82} = {A90F7323-C5BE-4E28-BBF0-2ED7C7223D82}
		{FDF1F4CB-0084-47A9-8BAE-921D65A2BCF2} = {FDF1F4CB-0084-47A9-8BAE-921D65A2BCF2}
	EndProjectSection
EndProject
Project("{8BC9CEB8-8B4A-11D0-8D11-00A0C91BC942}") = "Rendering", "Rendering\Rendering.vcxproj", "{FDF1F4CB-0084-47A9-8BAE-921D65A2BCF2}"
EndProject
Project("{8BC9CEB8-8B4A-11D0-8D11-00A0C91BC942}") = "Physics", "Physics\Physics.vcxproj", "{A90F7323-C5BE-4E28-BBF0-2ED7C7223D82}"
EndProject
Project("{8BC9CEB8-8B4A-11D0-8D11-00A0C91BC942}") = "UI", "UI\UI.vcxproj", "{2E825CB0-DE55-4F0B-A560-9548A33442A0}"
EndProject
Project("{2150E333-8FDC-42A3-9474-1A3956D46DE8}") = "External", "External", "{686626F8-3F9F-495E-A323-8787ED7222C6}"
EndProject
Project("{2150E333-8FDC-42A3-9474-1A3956D46DE8}") = "glad", "glad", "{A82E50DC-0C10-42C5-9F66-FE24647683E9}"
EndProject
Project("{2150E333-8FDC-42A3-9474-1A3956D46DE8}") = "include", "include", "{41FBA118-C03C-4CFB-9344-8FBF159A5CCB}"
EndProject
Project("{2150E333-8FDC-42A3-9474-1A3956D46DE8}") = "glad", "glad", "{E732953F-7E79-47A3-96FC-1847D8F9D421}"
	ProjectSection(SolutionItems) = preProject
		External\glad\include\glad\glad.h = External\glad\include\glad\glad.h
	EndProjectSection
EndProject
Project("{2150E333-8FDC-42A3-9474-1A3956D46DE8}") = "KHR", "KHR", "{45A1CB56-6883-40C5-95C1-6ACAF5B02803}"
	ProjectSection(SolutionItems) = preProject
		External\glad\include\KHR\khrplatform.h = External\glad\include\KHR\khrplatform.h
	EndProjectSection
EndProject
Project("{2150E333-8FDC-42A3-9474-1A3956D46DE8}") = "src", "src", "{E18016C4-24EC-4710-BBBE-2650C267FF73}"
	ProjectSection(SolutionItems) = preProject
		External\glad\src\glad.c = External\glad\src\glad.c
	EndProjectSection
EndProject
Project("{2150E333-8FDC-42A3-9474-1A3956D46DE8}") = "GLFW", "GLFW", "{B49FD6CF-D2BD-4935-9D9F-ECB3D42C6700}"
EndProject
Project("{2150E333-8FDC-42A3-9474-1A3956D46DE8}") = "x64", "x64", "{7AB1CA7A-8E41-4E03-929E-A1A5FFAE8E16}"
EndProject
Project("{2150E333-8FDC-42A3-9474-1A3956D46DE8}") = "include", "include", "{189B5BC6-551C-4DA4-96A0-770F1AFD7178}"
EndProject
Project("{2150E333-8FDC-42A3-9474-1A3956D46DE8}") = "GLFW", "GLFW", "{0C09A3E5-D920-4612-9ACE-A29EBFC15AC7}"
	ProjectSection(SolutionItems) = preProject
		External\GLFW\x64\include\GLFW\glfw3.h = External\GLFW\x64\include\GLFW\glfw3.h
		External\GLFW\x64\include\GLFW\glfw3native.h = External\GLFW\x64\include\GLFW\glfw3native.h
	EndProjectSection
EndProject
Project("{2150E333-8FDC-42A3-9474-1A3956D46DE8}") = "lib", "lib", "{0D8AE5B9-E68A-4E30-8B91-9E78891D4BBA}"
	ProjectSection(SolutionItems) = preProject
		External\GLFW\x64\lib\glfw3.lib = External\GLFW\x64\lib\glfw3.lib
	EndProjectSection
EndProject
Project("{2150E333-8FDC-42A3-9474-1A3956D46DE8}") = "lib", "lib", "{33BB77DC-3ED6-4640-A376-52F4F02303F2}"
	ProjectSection(SolutionItems) = preProject
		External\glad\lib\glad.lib = External\glad\lib\glad.lib
	EndProjectSection
EndProject
Project("{2150E333-8FDC-42A3-9474-1A3956D46DE8}") = "uuid", "uuid", "{6F2C11AE-3F8E-459F-A931-CAD609BF898E}"
	ProjectSection(SolutionItems) = preProject
		External\uuid\endianness.h = External\uuid\endianness.h
		External\uuid\uuid_v4.h = External\uuid\uuid_v4.h
	EndProjectSection
EndProject
Project("{2150E333-8FDC-42A3-9474-1A3956D46DE8}") = "glm", "glm", "{44C9B39A-4C9D-445E-9D6F-F07AA8FE489F}"
	ProjectSection(SolutionItems) = preProject
		External\glm\common.hpp = External\glm\common.hpp
		External\glm\copying.txt = External\glm\copying.txt
		External\glm\exponential.hpp = External\glm\exponential.hpp
		External\glm\ext.hpp = External\glm\ext.hpp
		External\glm\fwd.hpp = External\glm\fwd.hpp
		External\glm\geometric.hpp = External\glm\geometric.hpp
		External\glm\glm.cppm = External\glm\glm.cppm
		External\glm\glm.hpp = External\glm\glm.hpp
		External\glm\integer.hpp = External\glm\integer.hpp
		External\glm\mat2x2.hpp = External\glm\mat2x2.hpp
		External\glm\mat2x3.hpp = External\glm\mat2x3.hpp
		External\glm\mat2x4.hpp = External\glm\mat2x4.hpp
		External\glm\mat3x2.hpp = External\glm\mat3x2.hpp
		External\glm\mat3x3.hpp = External\glm\mat3x3.hpp
		External\glm\mat3x4.hpp = External\glm\mat3x4.hpp
		External\glm\mat4x2.hpp = External\glm\mat4x2.hpp
		External\glm\mat4x3.hpp = External\glm\mat4x3.hpp
		External\glm\mat4x4.hpp = External\glm\mat4x4.hpp
		External\glm\matrix.hpp = External\glm\matrix.hpp
		External\glm\packing.hpp = External\glm\packing.hpp
		External\glm\trigonometric.hpp = External\glm\trigonometric.hpp
		External\glm\vec2.hpp = External\glm\vec2.hpp
		External\glm\vec3.hpp = External\glm\vec3.hpp
		External\glm\vec4.hpp = External\glm\vec4.hpp
		External\glm\vector_relational.hpp = External\glm\vector_relational.hpp
	EndProjectSection
EndProject
Project("{2150E333-8FDC-42A3-9474-1A3956D46DE8}") = "detail", "detail", "{CACCC593-A55C-40FB-9724-BE164EAD1404}"
	ProjectSection(SolutionItems) = preProject
		External\glm\detail\compute_common.hpp = External\glm\detail\compute_common.hpp
		External\glm\detail\compute_vector_decl.hpp = External\glm\detail\compute_vector_decl.hpp
		External\glm\detail\compute_vector_relational.hpp = External\glm\detail\compute_vector_relational.hpp
		External\glm\detail\func_common.inl = External\glm\detail\func_common.inl
		External\glm\detail\func_common_simd.inl = External\glm\detail\func_common_simd.inl
		External\glm\detail\func_exponential.inl = External\glm\detail\func_exponential.inl
		External\glm\detail\func_exponential_simd.inl = External\glm\detail\func_exponential_simd.inl
		External\glm\detail\func_geometric.inl = External\glm\detail\func_geometric.inl
		External\glm\detail\func_geometric_simd.inl = External\glm\detail\func_geometric_simd.inl
		External\glm\detail\func_integer.inl = External\glm\detail\func_integer.inl
		External\glm\detail\func_integer_simd.inl = External\glm\detail\func_integer_simd.inl
		External\glm\detail\func_matrix.inl = External\glm\detail\func_matrix.inl
		External\glm\detail\func_matrix_simd.inl = External\glm\detail\func_matrix_simd.inl
		External\glm\detail\func_packing.inl = External\glm\detail\func_packing.inl
		External\glm\detail\func_packing_simd.inl = External\glm\detail\func_packing_simd.inl
		External\glm\detail\func_trigonometric.inl = External\glm\detail\func_trigonometric.inl
		External\glm\detail\func_trigonometric_simd.inl = External\glm\detail\func_trigonometric_simd.inl
		External\glm\detail\func_vector_relational.inl = External\glm\detail\func_vector_relational.inl
		External\glm\detail\func_vector_relational_simd.inl = External\glm\detail\func_vector_relational_simd.inl
		External\glm\detail\glm.cpp = External\glm\detail\glm.cpp
		External\glm\detail\qualifier.hpp = External\glm\detail\qualifier.hpp
		External\glm\detail\setup.hpp = External\glm\detail\setup.hpp
		External\glm\detail\type_float.hpp = External\glm\detail\type_float.hpp
		External\glm\detail\type_half.hpp = External\glm\detail\type_half.hpp
		External\glm\detail\type_half.inl = External\glm\detail\type_half.inl
		External\glm\detail\type_mat2x2.hpp = External\glm\detail\type_mat2x2.hpp
		External\glm\detail\type_mat2x2.inl = External\glm\detail\type_mat2x2.inl
		External\glm\detail\type_mat2x3.hpp = External\glm\detail\type_mat2x3.hpp
		External\glm\detail\type_mat2x3.inl = External\glm\detail\type_mat2x3.inl
		External\glm\detail\type_mat2x4.hpp = External\glm\detail\type_mat2x4.hpp
		External\glm\detail\type_mat2x4.inl = External\glm\detail\type_mat2x4.inl
		External\glm\detail\type_mat3x2.hpp = External\glm\detail\type_mat3x2.hpp
		External\glm\detail\type_mat3x2.inl = External\glm\detail\type_mat3x2.inl
		External\glm\detail\type_mat3x3.hpp = External\glm\detail\type_mat3x3.hpp
		External\glm\detail\type_mat3x3.inl = External\glm\detail\type_mat3x3.inl
		External\glm\detail\type_mat3x4.hpp = External\glm\detail\type_mat3x4.hpp
		External\glm\detail\type_mat3x4.inl = External\glm\detail\type_mat3x4.inl
		External\glm\detail\type_mat4x2.hpp = External\glm\detail\type_mat4x2.hpp
		External\glm\detail\type_mat4x2.inl = External\glm\detail\type_mat4x2.inl
		External\glm\detail\type_mat4x3.hpp = External\glm\detail\type_mat4x3.hpp
		External\glm\detail\type_mat4x3.inl = External\glm\detail\type_mat4x3.inl
		External\glm\detail\type_mat4x4.hpp = External\glm\detail\type_mat4x4.hpp
		External\glm\detail\type_mat4x4.inl = External\glm\detail\type_mat4x4.inl
		External\glm\detail\type_mat4x4_simd.inl = External\glm\detail\type_mat4x4_simd.inl
		External\glm\detail\type_quat.hpp = External\glm\detail\type_quat.hpp
		External\glm\detail\type_quat.inl = External\glm\detail\type_quat.inl
		External\glm\detail\type_quat_simd.inl = External\glm\detail\type_quat_simd.inl
		External\glm\detail\type_vec1.hpp = External\glm\detail\type_vec1.hpp
		External\glm\detail\type_vec1.inl = External\glm\detail\type_vec1.inl
		External\glm\detail\type_vec2.hpp = External\glm\detail\type_vec2.hpp
		External\glm\detail\type_vec2.inl = External\glm\detail\type_vec2.inl
		External\glm\detail\type_vec3.hpp = External\glm\detail\type_vec3.hpp
		External\glm\detail\type_vec3.inl = External\glm\detail\type_vec3.inl
		External\glm\detail\type_vec4.hpp = External\glm\detail\type_vec4.hpp
		External\glm\detail\type_vec4.inl = External\glm\detail\type_vec4.inl
		External\glm\detail\type_vec4_simd.inl = External\glm\detail\type_vec4_simd.inl
		External\glm\detail\_features.hpp = External\glm\detail\_features.hpp
		External\glm\detail\_fixes.hpp = External\glm\detail\_fixes.hpp
		External\glm\detail\_noise.hpp = External\glm\detail\_noise.hpp
		External\glm\detail\_swizzle.hpp = External\glm\detail\_swizzle.hpp
		External\glm\detail\_swizzle_func.hpp = External\glm\detail\_swizzle_func.hpp
		External\glm\detail\_vectorize.hpp = External\glm\detail\_vectorize.hpp
	EndProjectSection
EndProject
Project("{2150E333-8FDC-42A3-9474-1A3956D46DE8}") = "ext", "ext", "{A22B6280-D358-4FD0-8CE1-A9057A67185A}"
	ProjectSection(SolutionItems) = preProject
		External\glm\ext\matrix_clip_space.hpp = External\glm\ext\matrix_clip_space.hpp
		External\glm\ext\matrix_clip_space.inl = External\glm\ext\matrix_clip_space.inl
		External\glm\ext\matrix_common.hpp = External\glm\ext\matrix_common.hpp
		External\glm\ext\matrix_common.inl = External\glm\ext\matrix_common.inl
		External\glm\ext\matrix_double2x2.hpp = External\glm\ext\matrix_double2x2.hpp
		External\glm\ext\matrix_double2x2_precision.hpp = External\glm\ext\matrix_double2x2_precision.hpp
		External\glm\ext\matrix_double2x3.hpp = External\glm\ext\matrix_double2x3.hpp
		External\glm\ext\matrix_double2x3_precision.hpp = External\glm\ext\matrix_double2x3_precision.hpp
		External\glm\ext\matrix_double2x4.hpp = External\glm\ext\matrix_double2x4.hpp
		External\glm\ext\matrix_double2x4_precision.hpp = External\glm\ext\matrix_double2x4_precision.hpp
		External\glm\ext\matrix_double3x2.hpp = External\glm\ext\matrix_double3x2.hpp
		External\glm\ext\matrix_double3x2_precision.hpp = External\glm\ext\matrix_double3x2_precision.hpp
		External\glm\ext\matrix_double3x3.hpp = External\glm\ext\matrix_double3x3.hpp
		External\glm\ext\matrix_double3x3_precision.hpp = External\glm\ext\matrix_double3x3_precision.hpp
		External\glm\ext\matrix_double3x4.hpp = External\glm\ext\matrix_double3x4.hpp
		External\glm\ext\matrix_double3x4_precision.hpp = External\glm\ext\matrix_double3x4_precision.hpp
		External\glm\ext\matrix_double4x2.hpp = External\glm\ext\matrix_double4x2.hpp
		External\glm\ext\matrix_double4x2_precision.hpp = External\glm\ext\matrix_double4x2_precision.hpp
		External\glm\ext\matrix_double4x3.hpp = External\glm\ext\matrix_double4x3.hpp
		External\glm\ext\matrix_double4x3_precision.hpp = External\glm\ext\matrix_double4x3_precision.hpp
		External\glm\ext\matrix_double4x4.hpp = External\glm\ext\matrix_double4x4.hpp
		External\glm\ext\matrix_double4x4_precision.hpp = External\glm\ext\matrix_double4x4_precision.hpp
		External\glm\ext\matrix_float2x2.hpp = External\glm\ext\matrix_float2x2.hpp
		External\glm\ext\matrix_float2x2_precision.hpp = External\glm\ext\matrix_float2x2_precision.hpp
		External\glm\ext\matrix_float2x3.hpp = External\glm\ext\matrix_float2x3.hpp
		External\glm\ext\matrix_float2x3_precision.hpp = External\glm\ext\matrix_float2x3_precision.hpp
		External\glm\ext\matrix_float2x4.hpp = External\glm\ext\matrix_float2x4.hpp
		External\glm\ext\matrix_float2x4_precision.hpp = External\glm\ext\matrix_float2x4_precision.hpp
		External\glm\ext\matrix_float3x2.hpp = External\glm\ext\matrix_float3x2.hpp
		External\glm\ext\matrix_float3x2_precision.hpp = External\glm\ext\matrix_float3x2_precision.hpp
		External\glm\ext\matrix_float3x3.hpp = External\glm\ext\matrix_float3x3.hpp
		External\glm\ext\matrix_float3x3_precision.hpp = External\glm\ext\matrix_float3x3_precision.hpp
		External\glm\ext\matrix_float3x4.hpp = External\glm\ext\matrix_float3x4.hpp
		External\glm\ext\matrix_float3x4_precision.hpp = External\glm\ext\matrix_float3x4_precision.hpp
		External\glm\ext\matrix_float4x2.hpp = External\glm\ext\matrix_float4x2.hpp
		External\glm\ext\matrix_float4x2_precision.hpp = External\glm\ext\matrix_float4x2_precision.hpp
		External\glm\ext\matrix_float4x3.hpp = External\glm\ext\matrix_float4x3.hpp
		External\glm\ext\matrix_float4x3_precision.hpp = External\glm\ext\matrix_float4x3_precision.hpp
		External\glm\ext\matrix_float4x4.hpp = External\glm\ext\matrix_float4x4.hpp
		External\glm\ext\matrix_float4x4_precision.hpp = External\glm\ext\matrix_float4x4_precision.hpp
		External\glm\ext\matrix_int2x2.hpp = External\glm\ext\matrix_int2x2.hpp
		External\glm\ext\matrix_int2x2_sized.hpp = External\glm\ext\matrix_int2x2_sized.hpp
		External\glm\ext\matrix_int2x3.hpp = External\glm\ext\matrix_int2x3.hpp
		External\glm\ext\matrix_int2x3_sized.hpp = External\glm\ext\matrix_int2x3_sized.hpp
		External\glm\ext\matrix_int2x4.hpp = External\glm\ext\matrix_int2x4.hpp
		External\glm\ext\matrix_int2x4_sized.hpp = External\glm\ext\matrix_int2x4_sized.hpp
		External\glm\ext\matrix_int3x2.hpp = External\glm\ext\matrix_int3x2.hpp
		External\glm\ext\matrix_int3x2_sized.hpp = External\glm\ext\matrix_int3x2_sized.hpp
		External\glm\ext\matrix_int3x3.hpp = External\glm\ext\matrix_int3x3.hpp
		External\glm\ext\matrix_int3x3_sized.hpp = External\glm\ext\matrix_int3x3_sized.hpp
		External\glm\ext\matrix_int3x4.hpp = External\glm\ext\matrix_int3x4.hpp
		External\glm\ext\matrix_int3x4_sized.hpp = External\glm\ext\matrix_int3x4_sized.hpp
		External\glm\ext\matrix_int4x2.hpp = External\glm\ext\matrix_int4x2.hpp
		External\glm\ext\matrix_int4x2_sized.hpp = External\glm\ext\matrix_int4x2_sized.hpp
		External\glm\ext\matrix_int4x3.hpp = External\glm\ext\matrix_int4x3.hpp
		External\glm\ext\matrix_int4x3_sized.hpp = External\glm\ext\matrix_int4x3_sized.hpp
		External\glm\ext\matrix_int4x4.hpp = External\glm\ext\matrix_int4x4.hpp
		External\glm\ext\matrix_int4x4_sized.hpp = External\glm\ext\matrix_int4x4_sized.hpp
		External\glm\ext\matrix_integer.hpp = External\glm\ext\matrix_integer.hpp
		External\glm\ext\matrix_integer.inl = External\glm\ext\matrix_integer.inl
		External\glm\ext\matrix_projection.hpp = External\glm\ext\matrix_projection.hpp
		External\glm\ext\matrix_projection.inl = External\glm\ext\matrix_projection.inl
		External\glm\ext\matrix_relational.hpp = External\glm\ext\matrix_relational.hpp
		External\glm\ext\matrix_relational.inl = External\glm\ext\matrix_relational.inl
		External\glm\ext\matrix_transform.hpp = External\glm\ext\matrix_transform.hpp
		External\glm\ext\matrix_transform.inl = External\glm\ext\matrix_transform.inl
		External\glm\ext\matrix_uint2x2.hpp = External\glm\ext\matrix_uint2x2.hpp
		External\glm\ext\matrix_uint2x2_sized.hpp = External\glm\ext\matrix_uint2x2_sized.hpp
		External\glm\ext\matrix_uint2x3.hpp = External\glm\ext\matrix_uint2x3.hpp
		External\glm\ext\matrix_uint2x3_sized.hpp = External\glm\ext\matrix_uint2x3_sized.hpp
		External\glm\ext\matrix_uint2x4.hpp = External\glm\ext\matrix_uint2x4.hpp
		External\glm\ext\matrix_uint2x4_sized.hpp = External\glm\ext\matrix_uint2x4_sized.hpp
		External\glm\ext\matrix_uint3x2.hpp = External\glm\ext\matrix_uint3x2.hpp
		External\glm\ext\matrix_uint3x2_sized.hpp = External\glm\ext\matrix_uint3x2_sized.hpp
		External\glm\ext\matrix_uint3x3.hpp = External\glm\ext\matrix_uint3x3.hpp
		External\glm\ext\matrix_uint3x3_sized.hpp = External\glm\ext\matrix_uint3x3_sized.hpp
		External\glm\ext\matrix_uint3x4.hpp = External\glm\ext\matrix_uint3x4.hpp
		External\glm\ext\matrix_uint3x4_sized.hpp = External\glm\ext\matrix_uint3x4_sized.hpp
		External\glm\ext\matrix_uint4x2.hpp = External\glm\ext\matrix_uint4x2.hpp
		External\glm\ext\matrix_uint4x2_sized.hpp = External\glm\ext\matrix_uint4x2_sized.hpp
		External\glm\ext\matrix_uint4x3.hpp = External\glm\ext\matrix_uint4x3.hpp
		External\glm\ext\matrix_uint4x3_sized.hpp = External\glm\ext\matrix_uint4x3_sized.hpp
		External\glm\ext\matrix_uint4x4.hpp = External\glm\ext\matrix_uint4x4.hpp
		External\glm\ext\matrix_uint4x4_sized.hpp = External\glm\ext\matrix_uint4x4_sized.hpp
		External\glm\ext\quaternion_common.hpp = External\glm\ext\quaternion_common.hpp
		External\glm\ext\quaternion_common.inl = External\glm\ext\quaternion_common.inl
		External\glm\ext\quaternion_common_simd.inl = External\glm\ext\quaternion_common_simd.inl
		External\glm\ext\quaternion_double.hpp = External\glm\ext\quaternion_double.hpp
		External\glm\ext\quaternion_double_precision.hpp = External\glm\ext\quaternion_double_precision.hpp
		External\glm\ext\quaternion_exponential.hpp = External\glm\ext\quaternion_exponential.hpp
		External\glm\ext\quaternion_exponential.inl = External\glm\ext\quaternion_exponential.inl
		External\glm\ext\quaternion_float.hpp = External\glm\ext\quaternion_float.hpp
		External\glm\ext\quaternion_float_precision.hpp = External\glm\ext\quaternion_float_precision.hpp
		External\glm\ext\quaternion_geometric.hpp = External\glm\ext\quaternion_geometric.hpp
		External\glm\ext\quaternion_geometric.inl = External\glm\ext\quaternion_geometric.inl
		External\glm\ext\quaternion_relational.hpp = External\glm\ext\quaternion_relational.hpp
		External\glm\ext\quaternion_relational.inl = External\glm\ext\quaternion_relational.inl
		External\glm\ext\quaternion_transform.hpp = External\glm\ext\quaternion_transform.hpp
		External\glm\ext\quaternion_transform.inl = External\glm\ext\quaternion_transform.inl
		External\glm\ext\quaternion_trigonometric.hpp = External\glm\ext\quaternion_trigonometric.hpp
		External\glm\ext\quaternion_trigonometric.inl = External\glm\ext\quaternion_trigonometric.inl
		External\glm\ext\scalar_common.hpp = External\glm\ext\scalar_common.hpp
		External\glm\ext\scalar_common.inl = External\glm\ext\scalar_common.inl
		External\glm\ext\scalar_constants.hpp = External\glm\ext\scalar_constants.hpp
		External\glm\ext\scalar_constants.inl = External\glm\ext\scalar_constants.inl
		External\glm\ext\scalar_integer.hpp = External\glm\ext\scalar_integer.hpp
		External\glm\ext\scalar_integer.inl = External\glm\ext\scalar_integer.inl
		External\glm\ext\scalar_int_sized.hpp = External\glm\ext\scalar_int_sized.hpp
		External\glm\ext\scalar_packing.hpp = External\glm\ext\scalar_packing.hpp
		External\glm\ext\scalar_packing.inl = External\glm\ext\scalar_packing.inl
		External\glm\ext\scalar_reciprocal.hpp = External\glm\ext\scalar_reciprocal.hpp
		External\glm\ext\scalar_reciprocal.inl = External\glm\ext\scalar_reciprocal.inl
		External\glm\ext\scalar_relational.hpp = External\glm\ext\scalar_relational.hpp
		External\glm\ext\scalar_relational.inl = External\glm\ext\scalar_relational.inl
		External\glm\ext\scalar_uint_sized.hpp = External\glm\ext\scalar_uint_sized.hpp
		External\glm\ext\scalar_ulp.hpp = External\glm\ext\scalar_ulp.hpp
		External\glm\ext\scalar_ulp.inl = External\glm\ext\scalar_ulp.inl
		External\glm\ext\vector_bool1.hpp = External\glm\ext\vector_bool1.hpp
		External\glm\ext\vector_bool1_precision.hpp = External\glm\ext\vector_bool1_precision.hpp
		External\glm\ext\vector_bool2.hpp = External\glm\ext\vector_bool2.hpp
		External\glm\ext\vector_bool2_precision.hpp = External\glm\ext\vector_bool2_precision.hpp
		External\glm\ext\vector_bool3.hpp = External\glm\ext\vector_bool3.hpp
		External\glm\ext\vector_bool3_precision.hpp = External\glm\ext\vector_bool3_precision.hpp
		External\glm\ext\vector_bool4.hpp = External\glm\ext\vector_bool4.hpp
		External\glm\ext\vector_bool4_precision.hpp = External\glm\ext\vector_bool4_precision.hpp
		External\glm\ext\vector_common.hpp = External\glm\ext\vector_common.hpp
		External\glm\ext\vector_common.inl = External\glm\ext\vector_common.inl
		External\glm\ext\vector_double1.hpp = External\glm\ext\vector_double1.hpp
		External\glm\ext\vector_double1_precision.hpp = External\glm\ext\vector_double1_precision.hpp
		External\glm\ext\vector_double2.hpp = External\glm\ext\vector_double2.hpp
		External\glm\ext\vector_double2_precision.hpp = External\glm\ext\vector_double2_precision.hpp
		External\glm\ext\vector_double3.hpp = External\glm\ext\vector_double3.hpp
		External\glm\ext\vector_double3_precision.hpp = External\glm\ext\vector_double3_precision.hpp
		External\glm\ext\vector_double4.hpp = External\glm\ext\vector_double4.hpp
		External\glm\ext\vector_double4_precision.hpp = External\glm\ext\vector_double4_precision.hpp
		External\glm\ext\vector_float1.hpp = External\glm\ext\vector_float1.hpp
		External\glm\ext\vector_float1_precision.hpp = External\glm\ext\vector_float1_precision.hpp
		External\glm\ext\vector_float2.hpp = External\glm\ext\vector_float2.hpp
		External\glm\ext\vector_float2_precision.hpp = External\glm\ext\vector_float2_precision.hpp
		External\glm\ext\vector_float3.hpp = External\glm\ext\vector_float3.hpp
		External\glm\ext\vector_float3_precision.hpp = External\glm\ext\vector_float3_precision.hpp
		External\glm\ext\vector_float4.hpp = External\glm\ext\vector_float4.hpp
		External\glm\ext\vector_float4_precision.hpp = External\glm\ext\vector_float4_precision.hpp
		External\glm\ext\vector_int1.hpp = External\glm\ext\vector_int1.hpp
		External\glm\ext\vector_int1_sized.hpp = External\glm\ext\vector_int1_sized.hpp
		External\glm\ext\vector_int2.hpp = External\glm\ext\vector_int2.hpp
		External\glm\ext\vector_int2_sized.hpp = External\glm\ext\vector_int2_sized.hpp
		External\glm\ext\vector_int3.hpp = External\glm\ext\vector_int3.hpp
		External\glm\ext\vector_int3_sized.hpp = External\glm\ext\vector_int3_sized.hpp
		External\glm\ext\vector_int4.hpp = External\glm\ext\vector_int4.hpp
		External\glm\ext\vector_int4_sized.hpp = External\glm\ext\vector_int4_sized.hpp
		External\glm\ext\vector_integer.hpp = External\glm\ext\vector_integer.hpp
		External\glm\ext\vector_integer.inl = External\glm\ext\vector_integer.inl
		External\glm\ext\vector_packing.hpp = External\glm\ext\vector_packing.hpp
		External\glm\ext\vector_packing.inl = External\glm\ext\vector_packing.inl
		External\glm\ext\vector_reciprocal.hpp = External\glm\ext\vector_reciprocal.hpp
		External\glm\ext\vector_reciprocal.inl = External\glm\ext\vector_reciprocal.inl
		External\glm\ext\vector_relational.hpp = External\glm\ext\vector_relational.hpp
		External\glm\ext\vector_relational.inl = External\glm\ext\vector_relational.inl
		External\glm\ext\vector_uint1.hpp = External\glm\ext\vector_uint1.hpp
		External\glm\ext\vector_uint1_sized.hpp = External\glm\ext\vector_uint1_sized.hpp
		External\glm\ext\vector_uint2.hpp = External\glm\ext\vector_uint2.hpp
		External\glm\ext\vector_uint2_sized.hpp = External\glm\ext\vector_uint2_sized.hpp
		External\glm\ext\vector_uint3.hpp = External\glm\ext\vector_uint3.hpp
		External\glm\ext\vector_uint3_sized.hpp = External\glm\ext\vector_uint3_sized.hpp
		External\glm\ext\vector_uint4.hpp = External\glm\ext\vector_uint4.hpp
		External\glm\ext\vector_uint4_sized.hpp = External\glm\ext\vector_uint4_sized.hpp
		External\glm\ext\vector_ulp.hpp = External\glm\ext\vector_ulp.hpp
		External\glm\ext\vector_ulp.inl = External\glm\ext\vector_ulp.inl
		External\glm\ext\_matrix_vectorize.hpp = External\glm\ext\_matrix_vectorize.hpp
	EndProjectSection
EndProject
Project("{2150E333-8FDC-42A3-9474-1A3956D46DE8}") = "gtc", "gtc", "{36C88ECF-4FC9-4B27-8843-B24C169AC8A9}"
	ProjectSection(SolutionItems) = preProject
		External\glm\gtc\bitfield.hpp = External\glm\gtc\bitfield.hpp
		External\glm\gtc\bitfield.inl = External\glm\gtc\bitfield.inl
		External\glm\gtc\color_space.hpp = External\glm\gtc\color_space.hpp
		External\glm\gtc\color_space.inl = External\glm\gtc\color_space.inl
		External\glm\gtc\constants.hpp = External\glm\gtc\constants.hpp
		External\glm\gtc\constants.inl = External\glm\gtc\constants.inl
		External\glm\gtc\epsilon.hpp = External\glm\gtc\epsilon.hpp
		External\glm\gtc\epsilon.inl = External\glm\gtc\epsilon.inl
		External\glm\gtc\integer.hpp = External\glm\gtc\integer.hpp
		External\glm\gtc\integer.inl = External\glm\gtc\integer.inl
		External\glm\gtc\matrix_access.hpp = External\glm\gtc\matrix_access.hpp
		External\glm\gtc\matrix_access.inl = External\glm\gtc\matrix_access.inl
		External\glm\gtc\matrix_integer.hpp = External\glm\gtc\matrix_integer.hpp
		External\glm\gtc\matrix_inverse.hpp = External\glm\gtc\matrix_inverse.hpp
		External\glm\gtc\matrix_inverse.inl = External\glm\gtc\matrix_inverse.inl
		External\glm\gtc\matrix_transform.hpp = External\glm\gtc\matrix_transform.hpp
		External\glm\gtc\matrix_transform.inl = External\glm\gtc\matrix_transform.inl
		External\glm\gtc\noise.hpp = External\glm\gtc\noise.hpp
		External\glm\gtc\noise.inl = External\glm\gtc\noise.inl
		External\glm\gtc\packing.hpp = External\glm\gtc\packing.hpp
		External\glm\gtc\packing.inl = External\glm\gtc\packing.inl
		External\glm\gtc\quaternion.hpp = External\glm\gtc\quaternion.hpp
		External\glm\gtc\quaternion.inl = External\glm\gtc\quaternion.inl
		External\glm\gtc\quaternion_simd.inl = External\glm\gtc\quaternion_simd.inl
		External\glm\gtc\random.hpp = External\glm\gtc\random.hpp
		External\glm\gtc\random.inl = External\glm\gtc\random.inl
		External\glm\gtc\reciprocal.hpp = External\glm\gtc\reciprocal.hpp
		External\glm\gtc\round.hpp = External\glm\gtc\round.hpp
		External\glm\gtc\round.inl = External\glm\gtc\round.inl
		External\glm\gtc\type_aligned.hpp = External\glm\gtc\type_aligned.hpp
		External\glm\gtc\type_precision.hpp = External\glm\gtc\type_precision.hpp
		External\glm\gtc\type_precision.inl = External\glm\gtc\type_precision.inl
		External\glm\gtc\type_ptr.hpp = External\glm\gtc\type_ptr.hpp
		External\glm\gtc\type_ptr.inl = External\glm\gtc\type_ptr.inl
		External\glm\gtc\ulp.hpp = External\glm\gtc\ulp.hpp
		External\glm\gtc\ulp.inl = External\glm\gtc\ulp.inl
		External\glm\gtc\vec1.hpp = External\glm\gtc\vec1.hpp
	EndProjectSection
EndProject
Project("{2150E333-8FDC-42A3-9474-1A3956D46DE8}") = "gtx", "gtx", "{B5A3B5B5-93DB-431B-AB00-DE12C8140ED1}"
	ProjectSection(SolutionItems) = preProject
		External\glm\gtx\associated_min_max.hpp = External\glm\gtx\associated_min_max.hpp
		External\glm\gtx\associated_min_max.inl = External\glm\gtx\associated_min_max.inl
		External\glm\gtx\bit.hpp = External\glm\gtx\bit.hpp
		External\glm\gtx\bit.inl = External\glm\gtx\bit.inl
		External\glm\gtx\closest_point.hpp = External\glm\gtx\closest_point.hpp
		External\glm\gtx\closest_point.inl = External\glm\gtx\closest_point.inl
		External\glm\gtx\color_encoding.hpp = External\glm\gtx\color_encoding.hpp
		External\glm\gtx\color_encoding.inl = External\glm\gtx\color_encoding.inl
		External\glm\gtx\color_space.hpp = External\glm\gtx\color_space.hpp
		External\glm\gtx\color_space.inl = External\glm\gtx\color_space.inl
		External\glm\gtx\color_space_YCoCg.hpp = External\glm\gtx\color_space_YCoCg.hpp
		External\glm\gtx\color_space_YCoCg.inl = External\glm\gtx\color_space_YCoCg.inl
		External\glm\gtx\common.hpp = External\glm\gtx\common.hpp
		External\glm\gtx\common.inl = External\glm\gtx\common.inl
		External\glm\gtx\compatibility.hpp = External\glm\gtx\compatibility.hpp
		External\glm\gtx\compatibility.inl = External\glm\gtx\compatibility.inl
		External\glm\gtx\component_wise.hpp = External\glm\gtx\component_wise.hpp
		External\glm\gtx\component_wise.inl = External\glm\gtx\component_wise.inl
		External\glm\gtx\dual_quaternion.hpp = External\glm\gtx\dual_quaternion.hpp
		External\glm\gtx\dual_quaternion.inl = External\glm\gtx\dual_quaternion.inl
		External\glm\gtx\easing.hpp = External\glm\gtx\easing.hpp
		External\glm\gtx\easing.inl = External\glm\gtx\easing.inl
		External\glm\gtx\euler_angles.hpp = External\glm\gtx\euler_angles.hpp
		External\glm\gtx\euler_angles.inl = External\glm\gtx\euler_angles.inl
		External\glm\gtx\extend.hpp = External\glm\gtx\extend.hpp
		External\glm\gtx\extend.inl = External\glm\gtx\extend.inl
		External\glm\gtx\extended_min_max.hpp = External\glm\gtx\extended_min_max.hpp
		External\glm\gtx\extended_min_max.inl = External\glm\gtx\extended_min_max.inl
		External\glm\gtx\exterior_product.hpp = External\glm\gtx\exterior_product.hpp
		External\glm\gtx\exterior_product.inl = External\glm\gtx\exterior_product.inl
		External\glm\gtx\fast_exponential.hpp = External\glm\gtx\fast_exponential.hpp
		External\glm\gtx\fast_exponential.inl = External\glm\gtx\fast_exponential.inl
		External\glm\gtx\fast_square_root.hpp = External\glm\gtx\fast_square_root.hpp
		External\glm\gtx\fast_square_root.inl = External\glm\gtx\fast_square_root.inl
		External\glm\gtx\fast_trigonometry.hpp = External\glm\gtx\fast_trigonometry.hpp
		External\glm\gtx\fast_trigonometry.inl = External\glm\gtx\fast_trigonometry.inl
		External\glm\gtx\float_notmalize.inl = External\glm\gtx\float_notmalize.inl
		External\glm\gtx\functions.hpp = External\glm\gtx\functions.hpp
		External\glm\gtx\functions.inl = External\glm\gtx\functions.inl
		External\glm\gtx\gradient_paint.hpp = External\glm\gtx\gradient_paint.hpp
		External\glm\gtx\gradient_paint.inl = External\glm\gtx\gradient_paint.inl
		External\glm\gtx\handed_coordinate_space.hpp = External\glm\gtx\handed_coordinate_space.hpp
		External\glm\gtx\handed_coordinate_space.inl = External\glm\gtx\handed_coordinate_space.inl
		External\glm\gtx\hash.hpp = External\glm\gtx\hash.hpp
		External\glm\gtx\hash.inl = External\glm\gtx\hash.inl
		External\glm\gtx\integer.hpp = External\glm\gtx\integer.hpp
		External\glm\gtx\integer.inl = External\glm\gtx\integer.inl
		External\glm\gtx\intersect.hpp = External\glm\gtx\intersect.hpp
		External\glm\gtx\intersect.inl = External\glm\gtx\intersect.inl
		External\glm\gtx\io.hpp = External\glm\gtx\io.hpp
		External\glm\gtx\io.inl = External\glm\gtx\io.inl
		External\glm\gtx\log_base.hpp = External\glm\gtx\log_base.hpp
		External\glm\gtx\log_base.inl = External\glm\gtx\log_base.inl
		External\glm\gtx\matrix_cross_product.hpp = External\glm\gtx\matrix_cross_product.hpp
		External\glm\gtx\matrix_cross_product.inl = External\glm\gtx\matrix_cross_product.inl
		External\glm\gtx\matrix_decompose.hpp = External\glm\gtx\matrix_decompose.hpp
		External\glm\gtx\matrix_decompose.inl = External\glm\gtx\matrix_decompose.inl
		External\glm\gtx\matrix_factorisation.hpp = External\glm\gtx\matrix_factorisation.hpp
		External\glm\gtx\matrix_factorisation.inl = External\glm\gtx\matrix_factorisation.inl
		External\glm\gtx\matrix_interpolation.hpp = External\glm\gtx\matrix_interpolation.hpp
		External\glm\gtx\matrix_interpolation.inl = External\glm\gtx\matrix_interpolation.inl
		External\glm\gtx\matrix_major_storage.hpp = External\glm\gtx\matrix_major_storage.hpp
		External\glm\gtx\matrix_major_storage.inl = External\glm\gtx\matrix_major_storage.inl
		External\glm\gtx\matrix_operation.hpp = External\glm\gtx\matrix_operation.hpp
		External\glm\gtx\matrix_operation.inl = External\glm\gtx\matrix_operation.inl
		External\glm\gtx\matrix_query.hpp = External\glm\gtx\matrix_query.hpp
		External\glm\gtx\matrix_query.inl = External\glm\gtx\matrix_query.inl
		External\glm\gtx\matrix_transform_2d.hpp = External\glm\gtx\matrix_transform_2d.hpp
		External\glm\gtx\matrix_transform_2d.inl = External\glm\gtx\matrix_transform_2d.inl
		External\glm\gtx\mixed_product.hpp = External\glm\gtx\mixed_product.hpp
		External\glm\gtx\mixed_product.inl = External\glm\gtx\mixed_product.inl
		External\glm\gtx\norm.hpp = External\glm\gtx\norm.hpp
		External\glm\gtx\norm.inl = External\glm\gtx\norm.inl
		External\glm\gtx\normal.hpp = External\glm\gtx\normal.hpp
		External\glm\gtx\normal.inl = External\glm\gtx\normal.inl
		External\glm\gtx\normalize_dot.hpp = External\glm\gtx\normalize_dot.hpp
		External\glm\gtx\normalize_dot.inl = External\glm\gtx\normalize_dot.inl
		External\glm\gtx\number_precision.hpp = External\glm\gtx\number_precision.hpp
		External\glm\gtx\optimum_pow.hpp = External\glm\gtx\optimum_pow.hpp
		External\glm\gtx\optimum_pow.inl = External\glm\gtx\optimum_pow.inl
		External\glm\gtx\orthonormalize.hpp = External\glm\gtx\orthonormalize.hpp
		External\glm\gtx\orthonormalize.inl = External\glm\gtx\orthonormalize.inl
		External\glm\gtx\pca.hpp = External\glm\gtx\pca.hpp
		External\glm\gtx\pca.inl = External\glm\gtx\pca.inl
		External\glm\gtx\perpendicular.hpp = External\glm\gtx\perpendicular.hpp
		External\glm\gtx\perpendicular.inl = External\glm\gtx\perpendicular.inl
		External\glm\gtx\polar_coordinates.hpp = External\glm\gtx\polar_coordinates.hpp
		External\glm\gtx\polar_coordinates.inl = External\glm\gtx\polar_coordinates.inl
		External\glm\gtx\projection.hpp = External\glm\gtx\projection.hpp
		External\glm\gtx\projection.inl = External\glm\gtx\projection.inl
		External\glm\gtx\quaternion.hpp = External\glm\gtx\quaternion.hpp
		External\glm\gtx\quaternion.inl = External\glm\gtx\quaternion.inl
		External\glm\gtx\range.hpp = External\glm\gtx\range.hpp
		External\glm\gtx\raw_data.hpp = External\glm\gtx\raw_data.hpp
		External\glm\gtx\raw_data.inl = External\glm\gtx\raw_data.inl
		External\glm\gtx\rotate_normalized_axis.hpp = External\glm\gtx\rotate_normalized_axis.hpp
		External\glm\gtx\rotate_normalized_axis.inl = External\glm\gtx\rotate_normalized_axis.inl
		External\glm\gtx\rotate_vector.hpp = External\glm\gtx\rotate_vector.hpp
		External\glm\gtx\rotate_vector.inl = External\glm\gtx\rotate_vector.inl
		External\glm\gtx\scalar_multiplication.hpp = External\glm\gtx\scalar_multiplication.hpp
		External\glm\gtx\scalar_relational.hpp = External\glm\gtx\scalar_relational.hpp
		External\glm\gtx\scalar_relational.inl = External\glm\gtx\scalar_relational.inl
		External\glm\gtx\spline.hpp = External\glm\gtx\spline.hpp
		External\glm\gtx\spline.inl = External\glm\gtx\spline.inl
		External\glm\gtx\std_based_type.hpp = External\glm\gtx\std_based_type.hpp
		External\glm\gtx\std_based_type.inl = External\glm\gtx\std_based_type.inl
		External\glm\gtx\string_cast.hpp = External\glm\gtx\string_cast.hpp
		External\glm\gtx\string_cast.inl = External\glm\gtx\string_cast.inl
		External\glm\gtx\texture.hpp = External\glm\gtx\texture.hpp
		External\glm\gtx\texture.inl = External\glm\gtx\texture.inl
		External\glm\gtx\transform.hpp = External\glm\gtx\transform.hpp
		External\glm\gtx\transform.inl = External\glm\gtx\transform.inl
		External\glm\gtx\transform2.hpp = External\glm\gtx\transform2.hpp
		External\glm\gtx\transform2.inl = External\glm\gtx\transform2.inl
		External\glm\gtx\type_aligned.hpp = External\glm\gtx\type_aligned.hpp
		External\glm\gtx\type_aligned.inl = External\glm\gtx\type_aligned.inl
		External\glm\gtx\type_trait.hpp = External\glm\gtx\type_trait.hpp
		External\glm\gtx\type_trait.inl = External\glm\gtx\type_trait.inl
		External\glm\gtx\vector_angle.hpp = External\glm\gtx\vector_angle.hpp
		External\glm\gtx\vector_angle.inl = External\glm\gtx\vector_angle.inl
		External\glm\gtx\vector_query.hpp = External\glm\gtx\vector_query.hpp
		External\glm\gtx\vector_query.inl = External\glm\gtx\vector_query.inl
		External\glm\gtx\vec_swizzle.hpp = External\glm\gtx\vec_swizzle.hpp
		External\glm\gtx\wrap.hpp = External\glm\gtx\wrap.hpp
		External\glm\gtx\wrap.inl = External\glm\gtx\wrap.inl
	EndProjectSection
EndProject
Project("{2150E333-8FDC-42A3-9474-1A3956D46DE8}") = "simd", "simd", "{283FF17B-228F-47DE-BF54-0860CE0C5975}"
	ProjectSection(SolutionItems) = preProject
		External\glm\simd\common.h = External\glm\simd\common.h
		External\glm\simd\exponential.h = External\glm\simd\exponential.h
		External\glm\simd\geometric.h = External\glm\simd\geometric.h
		External\glm\simd\integer.h = External\glm\simd\integer.h
		External\glm\simd\matrix.h = External\glm\simd\matrix.h
		External\glm\simd\neon.h = External\glm\simd\neon.h
		External\glm\simd\packing.h = External\glm\simd\packing.h
		External\glm\simd\platform.h = External\glm\simd\platform.h
		External\glm\simd\trigonometric.h = External\glm\simd\trigonometric.h
		External\glm\simd\vector_relational.h = External\glm\simd\vector_relational.h
	EndProjectSection
EndProject
Project("{2150E333-8FDC-42A3-9474-1A3956D46DE8}") = "imgui", "imgui", "{1A9BD20B-6AA5-4C93-AF6F-36205BDCC049}"
EndProject
Project("{2150E333-8FDC-42A3-9474-1A3956D46DE8}") = "tinygltf", "tinygltf", "{22446EA0-F094-4737-99CA-F4429A2EB44F}"
	ProjectSection(SolutionItems) = preProject
		External\tinygltf\json.hpp = External\tinygltf\json.hpp
		External\tinygltf\tiny_gltf.cc = External\tinygltf\tiny_gltf.cc
		External\tinygltf\tiny_gltf.h = External\tinygltf\tiny_gltf.h
	EndProjectSection
EndProject
Project("{2150E333-8FDC-42A3-9474-1A3956D46DE8}") = "stb", "stb", "{278C44F6-3DDF-4932-944E-BA0A3CB77278}"
	ProjectSection(SolutionItems) = preProject
		External\stb\stb_image.h = External\stb\stb_image.h
		External\stb\stb_image_write.h = External\stb\stb_image_write.h
	EndProjectSection
EndProject
Project("{2150E333-8FDC-42A3-9474-1A3956D46DE8}") = "include", "include", "{4AB2EA99-6B12-4E94-BEFA-B2DC29C0C98E}"
	ProjectSection(SolutionItems) = preProject
		External\imgui\include\imconfig.h = External\imgui\include\imconfig.h
		External\imgui\include\imgui.h = External\imgui\include\imgui.h
		External\imgui\include\imgui_impl_glfw.h = External\imgui\include\imgui_impl_glfw.h
		External\imgui\include\imgui_impl_opengl3.h = External\imgui\include\imgui_impl_opengl3.h
		External\imgui\include\imgui_impl_opengl3_loader.h = External\imgui\include\imgui_impl_opengl3_loader.h
		External\imgui\include\imgui_internal.h = External\imgui\include\imgui_internal.h
		External\imgui\include\imstb_rectpack.h = External\imgui\include\imstb_rectpack.h
		External\imgui\include\imstb_textedit.h = External\imgui\include\imstb_textedit.h
		External\imgui\include\imstb_truetype.h = External\imgui\include\imstb_truetype.h
	EndProjectSection
EndProject
Project("{2150E333-8FDC-42A3-9474-1A3956D46DE8}") = "src", "src", "{B50EAB63-4A30-4B26-97ED-43FAC77C08DB}"
	ProjectSection(SolutionItems) = preProject
		External\imgui\src\imgui.cpp = External\imgui\src\imgui.cpp
		External\imgui\src\imgui_demo.cpp = External\imgui\src\imgui_demo.cpp
		External\imgui\src\imgui_draw.cpp = External\imgui\src\imgui_draw.cpp
		External\imgui\src\imgui_impl_glfw.cpp = External\imgui\src\imgui_impl_glfw.cpp
		External\imgui\src\imgui_impl_opengl3.cpp = External\imgui\src\imgui_impl_opengl3.cpp
		External\imgui\src\imgui_tables.cpp = External\imgui\src\imgui_tables.cpp
		External\imgui\src\imgui_widgets.cpp = External\imgui\src\imgui_widgets.cpp
	EndProjectSection
EndProject
Global
	GlobalSection(SolutionConfigurationPlatforms) = preSolution
		Debug|x64 = Debug|x64
		Debug|x86 = Debug|x86
		Release|x64 = Release|x64
		Release|x86 = Release|x86
	EndGlobalSection
	GlobalSection(ProjectConfigurationPlatforms) = postSolution
		{6830DF2E-2DA1-4BF7-B475-6C45523DED54}.Debug|x64.ActiveCfg = Debug|x64
		{6830DF2E-2DA1-4BF7-B475-6C45523DED54}.Debug|x64.Build.0 = Debug|x64
		{6830DF2E-2DA1-4BF7-B475-6C45523DED54}.Debug|x86.ActiveCfg = Debug|Win32
		{6830DF2E-2DA1-4BF7-B475-6C45523DED54}.Debug|x86.Build.0 = Debug|Win32
		{6830DF2E-2DA1-4BF7-B475-6C45523DED54}.Release|x64.ActiveCfg = Release|x64
		{6830DF2E-2DA1-4BF7-B475-6C45523DED54}.Release|x64.Build.0 = Release|x64
		{6830DF2E-2DA1-4BF7-B475-6C45523DED54}.Release|x86.ActiveCfg = Release|Win32
		{6830DF2E-2DA1-4BF7-B475-6C45523DED54}.Release|x86.Build.0 = Release|Win32
		{FDF1F4CB-0084-47A9-8BAE-921D65A2BCF2}.Debug|x64.ActiveCfg = Debug|x64
		{FDF1F4CB-0084-47A9-8BAE-921D65A2BCF2}.Debug|x64.Build.0 = Debug|x64
		{FDF1F4CB-0084-47A9-8BAE-921D65A2BCF2}.Debug|x86.ActiveCfg = Debug|Win32
		{FDF1F4CB-0084-47A9-8BAE-921D65A2BCF2}.Debug|x86.Build.0 = Debug|Win32
		{FDF1F4CB-0084-47A9-8BAE-921D65A2BCF2}.Release|x64.ActiveCfg = Release|x64
		{FDF1F4CB-0084-47A9-8BAE-921D65A2BCF2}.Release|x64.Build.0 = Release|x64
		{FDF1F4CB-0084-47A9-8BAE-921D65A2BCF2}.Release|x86.ActiveCfg = Release|Win32
		{FDF1F4CB-0084-47A9-8BAE-921D65A2BCF2}.Release|x86.Build.0 = Release|Win32
		{A90F7323-C5BE-4E28-BBF0-2ED7C7223D82}.Debug|x64.ActiveCfg = Debug|x64
		{A90F7323-C5BE-4E28-BBF0-2ED7C7223D82}.Debug|x64.Build.0 = Debug|x64
		{A90F7323-C5BE-4E28-BBF0-2ED7C7223D82}.Debug|x86.ActiveCfg = Debug|Win32
		{A90F7323-C5BE-4E28-BBF0-2ED7C7223D82}.Debug|x86.Build.0 = Debug|Win32
		{A90F7323-C5BE-4E28-BBF0-2ED7C7223D82}.Release|x64.ActiveCfg = Release|x64
		{A90F7323-C5BE-4E28-BBF0-2ED7C7223D82}.Release|x64.Build.0 = Release|x64
		{A90F7323-C5BE-4E28-BBF0-2ED7C7223D82}.Release|x86.ActiveCfg = Release|Win32
		{A90F7323-C5BE-4E28-BBF0-2ED7C7223D82}.Release|x86.Build.0 = Release|Win32
		{2E825CB0-DE55-4F0B-A560-9548A33442A0}.Debug|x64.ActiveCfg = Debug|x64
		{2E825CB0-DE55-4F0B-A560-9548A33442A0}.Debug|x64.Build.0 = Debug|x64
		{2E825CB0-DE55-4F0B-A560-9548A33442A0}.Debug|x86.ActiveCfg = Debug|Win32
		{2E825CB0-DE55-4F0B-A560-9548A33442A0}.Debug|x86.Build.0 = Debug|Win32
		{2E825CB0-DE55-4F0B-A560-9548A33442A0}.Release|x64.ActiveCfg = Release|x64
		{2E825CB0-DE55-4F0B-A560-9548A33442A0}.Release|x64.Build.0 = Release|x64
		{2E825CB0-DE55-4F0B-A560-9548A33442A0}.Release|x86.ActiveCfg = Release|Win32
		{2E825CB0-DE55-4F0B-A560-9548A33442A0}.Release|x86.Build.0 = Release|Win32
	EndGlobalSection
	GlobalSection(SolutionProperties) = preSolution
		HideSolutionNode = FALSE
	EndGlobalSection
	GlobalSection(NestedProjects) = preSolution
		{A82E50DC-0C10-42C5-9F66-FE24647683E9} = {686626F8-3F9F-495E-A323-8787ED7222C6}
		{41FBA118-C03C-4CFB-9344-8FBF159A5CCB} = {A82E50DC-0C10-42C5-9F66-FE24647683E9}
		{E732953F-7E79-47A3-96FC-1847D8F9D421} = {41FBA118-C03C-4CFB-9344-8FBF159A5CCB}
		{45A1CB56-6883-40C5-95C1-6ACAF5B02803} = {41FBA118-C03C-4CFB-9344-8FBF159A5CCB}
		{E18016C4-24EC-4710-BBBE-2650C267FF73} = {A82E50DC-0C10-42C5-9F66-FE24647683E9}
		{B49FD6CF-D2BD-4935-9D9F-ECB3D42C6700} = {686626F8-3F9F-495E-A323-8787ED7222C6}
		{7AB1CA7A-8E41-4E03-929E-A1A5FFAE8E16} = {B49FD6CF-D2BD-4935-9D9F-ECB3D42C6700}
		{189B5BC6-551C-4DA4-96A0-770F1AFD7178} = {7AB1CA7A-8E41-4E03-929E-A1A5FFAE8E16}
		{0C09A3E5-D920-4612-9ACE-A29EBFC15AC7} = {189B5BC6-551C-4DA4-96A0-770F1AFD7178}
		{0D8AE5B9-E68A-4E30-8B91-9E78891D4BBA} = {7AB1CA7A-8E41-4E03-929E-A1A5FFAE8E16}
		{33BB77DC-3ED6-4640-A376-52F4F02303F2} = {A82E50DC-0C10-42C5-9F66-FE24647683E9}
		{6F2C11AE-3F8E-459F-A931-CAD609BF898E} = {686626F8-3F9F-495E-A323-8787ED7222C6}
		{44C9B39A-4C9D-445E-9D6F-F07AA8FE489F} = {686626F8-3F9F-495E-A323-8787ED7222C6}
		{CACCC593-A55C-40FB-9724-BE164EAD1404} = {44C9B39A-4C9D-445E-9D6F-F07AA8FE489F}
		{A22B6280-D358-4FD0-8CE1-A9057A67185A} = {44C9B39A-4C9D-445E-9D6F-F07AA8FE489F}
		{36C88ECF-4FC9-4B27-8843-B24C169AC8A9} = {44C9B39A-4C9D-445E-9D6F-F07AA8FE489F}
		{B5A3B5B5-93DB-431B-AB00-DE12C8140ED1} = {44C9B39A-4C9D-445E-9D6F-F07AA8FE489F}
		{283FF17B-228F-47DE-BF54-0860CE0C5975} = {44C9B39A-4C9D-445E-9D6F-F07AA8FE489F}
		{1A9BD20B-6AA5-4C93-AF6F-36205BDCC049} = {686626F8-3F9F-495E-A323-8787ED7222C6}
		{22446EA0-F094-4737-99CA-F4429A2EB44F} = {686626F8-3F9F-495E-A323-8787ED7222C6}
		{278C44F6-3DDF-4932-944E-BA0A3CB77278} = {686626F8-3F9F-495E-A323-8787ED7222C6}
		{4AB2EA99-6B12-4E94-BEFA-B2DC29C0C98E} = {1A9BD20B-6AA5-4C93-AF6F-36205BDCC049}
		{B50EAB63-4A30-4B26-97ED-43FAC77C08DB} = {1A9BD20B-6AA5-4C93-AF6F-36205BDCC049}
	EndGlobalSection
	GlobalSection(ExtensibilityGlobals) = postSolution
		SolutionGuid = {B539A217-C268-4BB2-B1E8-624C71DE29E3}
	EndGlobalSection
EndGlobal
