
Microsoft Visual Studio Solution File, Format Version 12.00
# Visual Studio Version 17
VisualStudioVersion = 17.9.34728.123
MinimumVisualStudioVersion = 10.0.40219.1
Project("{8BC9CEB8-8B4A-11D0-8D11-00A0C91BC942}") = "Core", "Core\Core.vcxproj", "{6830DF2E-2DA1-4BF7-B475-6C45523DED54}"
EndProject
Project("{8BC9CEB8-8B4A-11D0-8D11-00A0C91BC942}") = "Rendering", "Rendering\Rendering.vcxproj", "{FDF1F4CB-0084-47A9-8BAE-921D65A2BCF2}"
EndProject
Project("{8BC9CEB8-8B4A-11D0-8D11-00A0C91BC942}") = "Physics", "Physics\Physics.vcxproj", "{A90F7323-C5BE-4E28-BBF0-2ED7C7223D82}"
EndProject
Project("{8BC9CEB8-8B4A-11D0-8D11-00A0C91BC942}") = "UI", "UI\UI.vcxproj", "{2E825CB0-DE55-4F0B-A560-9548A33442A0}"
EndProject
Global
	GlobalSection(SolutionConfigurationPlatforms) = preSolution
		Debug|x64 = Debug|x64
		Debug|x86 = Debug|x86
		Release|x64 = Release|x64
		Release|x86 = Release|x86
	EndGlobalSection
	GlobalSection(ProjectConfigurationPlatforms) = postSolution
		{6830DF2E-2DA1-4BF7-B475-6C45523DED54}.Debug|x64.ActiveCfg = Debug|x64
		{6830DF2E-2DA1-4BF7-B475-6C45523DED54}.Debug|x64.Build.0 = Debug|x64
		{6830DF2E-2DA1-4BF7-B475-6C45523DED54}.Debug|x86.ActiveCfg = Debug|Win32
		{6830DF2E-2DA1-4BF7-B475-6C45523DED54}.Debug|x86.Build.0 = Debug|Win32
		{6830DF2E-2DA1-4BF7-B475-6C45523DED54}.Release|x64.ActiveCfg = Release|x64
		{6830DF2E-2DA1-4BF7-B475-6C45523DED54}.Release|x64.Build.0 = Release|x64
		{6830DF2E-2DA1-4BF7-B475-6C45523DED54}.Release|x86.ActiveCfg = Release|Win32
		{6830DF2E-2DA1-4BF7-B475-6C45523DED54}.Release|x86.Build.0 = Release|Win32
		{FDF1F4CB-0084-47A9-8BAE-921D65A2BCF2}.Debug|x64.ActiveCfg = Debug|x64
		{FDF1F4CB-0084-47A9-8BAE-921D65A2BCF2}.Debug|x64.Build.0 = Debug|x64
		{FDF1F4CB-0084-47A9-8BAE-921D65A2BCF2}.Debug|x86.ActiveCfg = Debug|Win32
		{FDF1F4CB-0084-47A9-8BAE-921D65A2BCF2}.Debug|x86.Build.0 = Debug|Win32
		{FDF1F4CB-0084-47A9-8BAE-921D65A2BCF2}.Release|x64.ActiveCfg = Release|x64
		{FDF1F4CB-0084-47A9-8BAE-921D65A2BCF2}.Release|x64.Build.0 = Release|x64
		{FDF1F4CB-0084-47A9-8BAE-921D65A2BCF2}.Release|x86.ActiveCfg = Release|Win32
		{FDF1F4CB-0084-47A9-8BAE-921D65A2BCF2}.Release|x86.Build.0 = Release|Win32
		{A90F7323-C5BE-4E28-BBF0-2ED7C7223D82}.Debug|x64.ActiveCfg = Debug|x64
		{A90F7323-C5BE-4E28-BBF0-2ED7C7223D82}.Debug|x64.Build.0 = Debug|x64
		{A90F7323-C5BE-4E28-BBF0-2ED7C7223D82}.Debug|x86.ActiveCfg = Debug|Win32
		{A90F7323-C5BE-4E28-BBF0-2ED7C7223D82}.Debug|x86.Build.0 = Debug|Win32
		{A90F7323-C5BE-4E28-BBF0-2ED7C7223D82}.Release|x64.ActiveCfg = Release|x64
		{A90F7323-C5BE-4E28-BBF0-2ED7C7223D82}.Release|x64.Build.0 = Release|x64
		{A90F7323-C5BE-4E28-BBF0-2ED7C7223D82}.Release|x86.ActiveCfg = Release|Win32
		{A90F7323-C5BE-4E28-BBF0-2ED7C7223D82}.Release|x86.Build.0 = Release|Win32
		{2E825CB0-DE55-4F0B-A560-9548A33442A0}.Debug|x64.ActiveCfg = Debug|x64
		{2E825CB0-DE55-4F0B-A560-9548A33442A0}.Debug|x64.Build.0 = Debug|x64
		{2E825CB0-DE55-4F0B-A560-9548A33442A0}.Debug|x86.ActiveCfg = Debug|Win32
		{2E825CB0-DE55-4F0B-A560-9548A33442A0}.Debug|x86.Build.0 = Debug|Win32
		{2E825CB0-DE55-4F0B-A560-9548A33442A0}.Release|x64.ActiveCfg = Release|x64
		{2E825CB0-DE55-4F0B-A560-9548A33442A0}.Release|x64.Build.0 = Release|x64
		{2E825CB0-DE55-4F0B-A560-9548A33442A0}.Release|x86.ActiveCfg = Release|Win32
		{2E825CB0-DE55-4F0B-A560-9548A33442A0}.Release|x86.Build.0 = Release|Win32
	EndGlobalSection
	GlobalSection(SolutionProperties) = preSolution
		HideSolutionNode = FALSE
	EndGlobalSection
	GlobalSection(ExtensibilityGlobals) = postSolution
		SolutionGuid = {B539A217-C268-4BB2-B1E8-624C71DE29E3}
	EndGlobalSection
EndGlobal
