<?xml version="1.0" encoding="utf-8"?>
<Project ToolsVersion="4.0" xmlns="http://schemas.microsoft.com/developer/msbuild/2003">
  <ItemGroup>
    <Filter Include="Source Files">
      <UniqueIdentifier>{4FC737F1-C7A5-4376-A066-2A32D752A2FF}</UniqueIdentifier>
      <Extensions>cpp;c;cc;cxx;c++;cppm;ixx;def;odl;idl;hpj;bat;asm;asmx</Extensions>
    </Filter>
    <Filter Include="Header Files">
      <UniqueIdentifier>{93995380-89BD-4b04-88EB-625FBE52EBFB}</UniqueIdentifier>
      <Extensions>h;hh;hpp;hxx;h++;hm;inl;inc;ipp;xsd</Extensions>
    </Filter>
    <Filter Include="Resource Files">
      <UniqueIdentifier>{67DA6AB6-F800-4c08-8B7A-83BB121AAD01}</UniqueIdentifier>
      <Extensions>rc;ico;cur;bmp;dlg;rc2;rct;bin;rgs;gif;jpg;jpeg;jpe;resx;tiff;tif;png;wav;mfcribbon-ms</Extensions>
    </Filter>
    <Filter Include="Source Files\Components">
      <UniqueIdentifier>{ff52a99b-0e73-4db2-8d0f-e118b23d472b}</UniqueIdentifier>
    </Filter>
    <ClCompile Include="src\Component.cpp" />
    <ClCompile Include="src\Core.cpp" />
    <ClCompile Include="src\main.cpp" />
    <ClCompile Include="src\Managers\AssetManager.cpp" />
    <ClCompile Include="src\Scene.cpp" />
    <ClCompile Include="src\Utils\IDUtils.cpp" />
    <ClCompile Include="src\Window\Window.cpp" />
    <ClCompile Include="src\Components\RigidBodyComponent.cpp" />
    <ClCompile Include="src\Components\TransformComponent.cpp" />
    <ClCompile Include="src\Entity.cpp" />
  </ItemGroup>
  <ItemGroup>
    <ClCompile Include="src\main.cpp">
      <Filter>Source Files</Filter>
    </ClCompile>
    <ClCompile Include="src\Component.cpp">
      <Filter>Source Files</Filter>
    </ClCompile>
    <ClCompile Include="src\Scene.cpp">
      <Filter>Source Files</Filter>
    </ClCompile>
    <ClCompile Include="src\Core.cpp">
      <Filter>Source Files</Filter>
    </ClCompile>
    <ClCompile Include="src\Utils\IDUtils.cpp">
      <Filter>Source Files</Filter>
    </ClCompile>
    <ClCompile Include="src\Managers\AssetManager.cpp">
      <Filter>Source Files</Filter>
    </ClCompile>
    <ClCompile Include="src\Components\RigidBodyComponent.cpp">
      <Filter>Source Files\Components</Filter>
    </ClCompile>
    <ClCompile Include="src\Window\Window.cpp">
      <Filter>Source Files</Filter>
    </ClCompile>
  </ItemGroup>
  <ItemGroup>
    <ClInclude Include="include\Component.h">
      <Filter>Header Files</Filter>
    </ClInclude>
    <ClInclude Include="include\Entity.h">
      <Filter>Header Files</Filter>
    </ClInclude>
    <ClInclude Include="include\Managers\EntityManager.h">
      <Filter>Header Files</Filter>
    </ClInclude>
    <ClInclude Include="include\System.h">
      <Filter>Header Files</Filter>
    </ClInclude>
    <ClInclude Include="include\Utils\IDUtils.h">
      <Filter>Header Files</Filter>
    </ClInclude>
    <ClInclude Include="include\Utils\uuid_v4.h">
      <Filter>Header Files</Filter>
    </ClInclude>
    <ClInclude Include="include\GLTFLoader.h">
      <Filter>Header Files</Filter>
    </ClInclude>
    <ClInclude Include="include\Input.h">
      <Filter>Header Files</Filter>
    </ClInclude>
    <ClInclude Include="include\Components\TransformComponent.h">
      <Filter>Header Files</Filter>
    </ClInclude>
    <ClInclude Include="include\Scene.h">
      <Filter>Header Files</Filter>
    </ClInclude>
    <ClInclude Include="include\Core.h">
      <Filter>Header Files</Filter>
    </ClInclude>
    <ClInclude Include="include\Managers\AssetManager.h">
      <Filter>Header Files</Filter>
    </ClInclude>
    <ClInclude Include="include\Window\Window.h">
      <Filter>Header Files</Filter>
    </ClInclude>
    <ClInclude Include="include\Components\RigidBodyComponent.h">
      <Filter>Header Files</Filter>
    </ClInclude>
    <ClInclude Include="include\SceneParser.h">
      <Filter>Header Files</Filter>
    </ClInclude>
  </ItemGroup>
  <ItemGroup>
    <None Include="Scenes\TestScene.json" />
  </ItemGroup>
  <ItemGroup>
    <Image Include="Assets\TestRoom\Textures\aged-concrete-wall.jpg">
      <Filter>Resource Files</Filter>
    </Image>
    <Image Include="Assets\TestRoom\Textures\watercolor-paper-texture.jpg">
      <Filter>Resource Files</Filter>
    </Image>
    <Image Include="Assets\TestRoom\Textures\white-tiles-textures-background.jpg">
      <Filter>Resource Files</Filter>
    </Image>
  </ItemGroup>
</Project>