<?xml version="1.0" encoding="utf-8"?>
<Project ToolsVersion="4.0" xmlns="http://schemas.microsoft.com/developer/msbuild/2003">
  <ItemGroup>
    <ClCompile Include="src\Component.cpp" />
    <ClCompile Include="src\Core.cpp" />
    <ClCompile Include="src\main.cpp" />
    <ClCompile Include="src\Managers\AssetManager.cpp" />
    <ClCompile Include="src\Scene.cpp" />
    <ClCompile Include="src\Utils\IDUtils.cpp" />
    <ClCompile Include="src\Window\Window.cpp" />
    <ClCompile Include="src\Components\RigidBodyComponent.cpp" />
    <ClCompile Include="src\Components\TransformComponent.cpp" />
    <ClCompile Include="src\Entity.cpp" />
  </ItemGroup>
  <ItemGroup>
    <ClCompile Include="src\main.cpp">
      <Filter>Source Files</Filter>
    </ClCompile>
    <ClCompile Include="src\Component.cpp">
      <Filter>Source Files</Filter>
    </ClCompile>
    <ClCompile Include="src\Scene.cpp">
      <Filter>Source Files</Filter>
    </ClCompile>
    <ClCompile Include="src\Core.cpp">
      <Filter>Source Files</Filter>
    </ClCompile>
    <ClCompile Include="src\Utils\IDUtils.cpp">
      <Filter>Source Files</Filter>
    </ClCompile>
    <ClCompile Include="src\Managers\AssetManager.cpp">
      <Filter>Source Files</Filter>
    </ClCompile>
    <ClCompile Include="src\Components\RigidBodyComponent.cpp">
      <Filter>Source Files\Components</Filter>
    </ClCompile>
    <ClCompile Include="src\Window\Window.cpp">
      <Filter>Source Files</Filter>
    </ClCompile>
  </ItemGroup>
  <ItemGroup>
    <ClInclude Include="include\Component.h" />
    <ClInclude Include="include\Components\RigidBodyComponent.h" />
    <ClInclude Include="include\Components\TransformComponent.h" />
    <ClInclude Include="include\Core.h" />
    <ClInclude Include="include\Entity.h" />
    <ClInclude Include="include\GLTFLoader.h" />
    <ClInclude Include="include\Input.h" />
    <ClInclude Include="include\Managers\AssetManager.h" />
    <ClInclude Include="include\Managers\ComponentManager.h" />
    <ClInclude Include="include\Managers\EntityManager.h" />
    <ClInclude Include="include\Scene.h" />
    <ClInclude Include="include\System.h" />
    <ClInclude Include="include\Utils\IDUtils.h" />
    <ClInclude Include="include\Utils\uuid_v4.h" />
  </ItemGroup>
</Project>